// !$*UTF8*$!
{
	archiveVersion = 1;
	classes = {
	};
	objectVersion = 50;
	objects = {

/* Begin PBXBuildFile section */
		571D830523E7B5AA00D28577 /* GameSettingsViewController.swift in Sources */ = {isa = PBXBuildFile; fileRef = 571D830423E7B5AA00D28577 /* GameSettingsViewController.swift */; };
		57693C5923E63E4C00584274 /* GameSettingsTableViewController.swift in Sources */ = {isa = PBXBuildFile; fileRef = 57693C5823E63E4C00584274 /* GameSettingsTableViewController.swift */; };
		57693C5B23E63F6B00584274 /* Status.swift in Sources */ = {isa = PBXBuildFile; fileRef = 57693C5A23E63F6B00584274 /* Status.swift */; };
		5790276B23E0C99F007DF0ED /* CardCollectionViewCell.swift in Sources */ = {isa = PBXBuildFile; fileRef = 5790276A23E0C99F007DF0ED /* CardCollectionViewCell.swift */; };
		5790277123E0D7B1007DF0ED /* Concentration.swift in Sources */ = {isa = PBXBuildFile; fileRef = 5790277023E0D7B1007DF0ED /* Concentration.swift */; };
		5790277323E0D7E1007DF0ED /* Emoji.swift in Sources */ = {isa = PBXBuildFile; fileRef = 5790277223E0D7E1007DF0ED /* Emoji.swift */; };
		5790277523E0D921007DF0ED /* Card.swift in Sources */ = {isa = PBXBuildFile; fileRef = 5790277423E0D921007DF0ED /* Card.swift */; };
		5790277723E0F0EC007DF0ED /* ConcentrationGameViewController.swift in Sources */ = {isa = PBXBuildFile; fileRef = 5790277623E0F0EC007DF0ED /* ConcentrationGameViewController.swift */; };
		57E250C023DBDA68008D79E9 /* AppDelegate.swift in Sources */ = {isa = PBXBuildFile; fileRef = 57E250BF23DBDA68008D79E9 /* AppDelegate.swift */; };
		57E250C223DBDA68008D79E9 /* SceneDelegate.swift in Sources */ = {isa = PBXBuildFile; fileRef = 57E250C123DBDA68008D79E9 /* SceneDelegate.swift */; };
		57E250C723DBDA68008D79E9 /* Main.storyboard in Resources */ = {isa = PBXBuildFile; fileRef = 57E250C523DBDA68008D79E9 /* Main.storyboard */; };
		57E250C923DBDA6B008D79E9 /* Assets.xcassets in Resources */ = {isa = PBXBuildFile; fileRef = 57E250C823DBDA6B008D79E9 /* Assets.xcassets */; };
		57E250CC23DBDA6B008D79E9 /* LaunchScreen.storyboard in Resources */ = {isa = PBXBuildFile; fileRef = 57E250CA23DBDA6B008D79E9 /* LaunchScreen.storyboard */; };
/* End PBXBuildFile section */

/* Begin PBXFileReference section */
		571D830423E7B5AA00D28577 /* GameSettingsViewController.swift */ = {isa = PBXFileReference; lastKnownFileType = sourcecode.swift; path = GameSettingsViewController.swift; sourceTree = "<group>"; };
		57693C5823E63E4C00584274 /* GameSettingsTableViewController.swift */ = {isa = PBXFileReference; lastKnownFileType = sourcecode.swift; path = GameSettingsTableViewController.swift; sourceTree = "<group>"; };
		57693C5A23E63F6B00584274 /* Status.swift */ = {isa = PBXFileReference; lastKnownFileType = sourcecode.swift; path = Status.swift; sourceTree = "<group>"; };
		5790276A23E0C99F007DF0ED /* CardCollectionViewCell.swift */ = {isa = PBXFileReference; lastKnownFileType = sourcecode.swift; path = CardCollectionViewCell.swift; sourceTree = "<group>"; };
		5790277023E0D7B1007DF0ED /* Concentration.swift */ = {isa = PBXFileReference; lastKnownFileType = sourcecode.swift; path = Concentration.swift; sourceTree = "<group>"; };
		5790277223E0D7E1007DF0ED /* Emoji.swift */ = {isa = PBXFileReference; lastKnownFileType = sourcecode.swift; path = Emoji.swift; sourceTree = "<group>"; };
		5790277423E0D921007DF0ED /* Card.swift */ = {isa = PBXFileReference; lastKnownFileType = sourcecode.swift; path = Card.swift; sourceTree = "<group>"; };
		5790277623E0F0EC007DF0ED /* ConcentrationGameViewController.swift */ = {isa = PBXFileReference; lastKnownFileType = sourcecode.swift; path = ConcentrationGameViewController.swift; sourceTree = "<group>"; };
		57E250BC23DBDA68008D79E9 /* Milestone5.app */ = {isa = PBXFileReference; explicitFileType = wrapper.application; includeInIndex = 0; path = Milestone5.app; sourceTree = BUILT_PRODUCTS_DIR; };
		57E250BF23DBDA68008D79E9 /* AppDelegate.swift */ = {isa = PBXFileReference; lastKnownFileType = sourcecode.swift; path = AppDelegate.swift; sourceTree = "<group>"; };
		57E250C123DBDA68008D79E9 /* SceneDelegate.swift */ = {isa = PBXFileReference; lastKnownFileType = sourcecode.swift; path = SceneDelegate.swift; sourceTree = "<group>"; };
		57E250C623DBDA68008D79E9 /* Base */ = {isa = PBXFileReference; lastKnownFileType = file.storyboard; name = Base; path = Base.lproj/Main.storyboard; sourceTree = "<group>"; };
		57E250C823DBDA6B008D79E9 /* Assets.xcassets */ = {isa = PBXFileReference; lastKnownFileType = folder.assetcatalog; path = Assets.xcassets; sourceTree = "<group>"; };
		57E250CB23DBDA6B008D79E9 /* Base */ = {isa = PBXFileReference; lastKnownFileType = file.storyboard; name = Base; path = Base.lproj/LaunchScreen.storyboard; sourceTree = "<group>"; };
		57E250CD23DBDA6B008D79E9 /* Info.plist */ = {isa = PBXFileReference; lastKnownFileType = text.plist.xml; path = Info.plist; sourceTree = "<group>"; };
/* End PBXFileReference section */

/* Begin PBXFrameworksBuildPhase section */
		57E250B923DBDA68008D79E9 /* Frameworks */ = {
			isa = PBXFrameworksBuildPhase;
			buildActionMask = 2147483647;
			files = (
			);
			runOnlyForDeploymentPostprocessing = 0;
		};
/* End PBXFrameworksBuildPhase section */

/* Begin PBXGroup section */
		5790276C23E0D689007DF0ED /* Supporting Files */ = {
			isa = PBXGroup;
			children = (
				57E250C823DBDA6B008D79E9 /* Assets.xcassets */,
				57E250CA23DBDA6B008D79E9 /* LaunchScreen.storyboard */,
				57E250CD23DBDA6B008D79E9 /* Info.plist */,
			);
			path = "Supporting Files";
			sourceTree = "<group>";
		};
		5790276D23E0D69A007DF0ED /* Controllers */ = {
			isa = PBXGroup;
			children = (
				5790277623E0F0EC007DF0ED /* ConcentrationGameViewController.swift */,
				57693C5823E63E4C00584274 /* GameSettingsTableViewController.swift */,
				571D830423E7B5AA00D28577 /* GameSettingsViewController.swift */,
			);
			path = Controllers;
			sourceTree = "<group>";
		};
		5790276E23E0D6A4007DF0ED /* Views */ = {
			isa = PBXGroup;
			children = (
				57E250C523DBDA68008D79E9 /* Main.storyboard */,
				5790276A23E0C99F007DF0ED /* CardCollectionViewCell.swift */,
			);
			path = Views;
			sourceTree = "<group>";
		};
		5790276F23E0D6A9007DF0ED /* Models */ = {
			isa = PBXGroup;
			children = (
				5790277023E0D7B1007DF0ED /* Concentration.swift */,
				5790277223E0D7E1007DF0ED /* Emoji.swift */,
				5790277423E0D921007DF0ED /* Card.swift */,
				57693C5A23E63F6B00584274 /* Status.swift */,
			);
			path = Models;
			sourceTree = "<group>";
		};
		57E250B323DBDA68008D79E9 = {
			isa = PBXGroup;
			children = (
				57E250BE23DBDA68008D79E9 /* Milestone5 */,
				57E250BD23DBDA68008D79E9 /* Products */,
			);
			sourceTree = "<group>";
		};
		57E250BD23DBDA68008D79E9 /* Products */ = {
			isa = PBXGroup;
			children = (
				57E250BC23DBDA68008D79E9 /* Milestone5.app */,
			);
			name = Products;
			sourceTree = "<group>";
		};
		57E250BE23DBDA68008D79E9 /* Milestone5 */ = {
			isa = PBXGroup;
			children = (
				5790276F23E0D6A9007DF0ED /* Models */,
				5790276E23E0D6A4007DF0ED /* Views */,
				5790276D23E0D69A007DF0ED /* Controllers */,
				5790276C23E0D689007DF0ED /* Supporting Files */,
				57E250BF23DBDA68008D79E9 /* AppDelegate.swift */,
				57E250C123DBDA68008D79E9 /* SceneDelegate.swift */,
			);
			path = Milestone5;
			sourceTree = "<group>";
		};
/* End PBXGroup section */

/* Begin PBXNativeTarget section */
		57E250BB23DBDA68008D79E9 /* Milestone5 */ = {
			isa = PBXNativeTarget;
			buildConfigurationList = 57E250D023DBDA6B008D79E9 /* Build configuration list for PBXNativeTarget "Milestone5" */;
			buildPhases = (
				57E250B823DBDA68008D79E9 /* Sources */,
				57E250B923DBDA68008D79E9 /* Frameworks */,
				57E250BA23DBDA68008D79E9 /* Resources */,
			);
			buildRules = (
			);
			dependencies = (
			);
			name = Milestone5;
			productName = Milestone5;
			productReference = 57E250BC23DBDA68008D79E9 /* Milestone5.app */;
			productType = "com.apple.product-type.application";
		};
/* End PBXNativeTarget section */

/* Begin PBXProject section */
		57E250B423DBDA68008D79E9 /* Project object */ = {
			isa = PBXProject;
			attributes = {
				LastSwiftUpdateCheck = 1130;
				LastUpgradeCheck = 1130;
				ORGANIZATIONNAME = "Lareen Melo";
				TargetAttributes = {
					57E250BB23DBDA68008D79E9 = {
						CreatedOnToolsVersion = 11.3;
					};
				};
			};
			buildConfigurationList = 57E250B723DBDA68008D79E9 /* Build configuration list for PBXProject "Milestone5" */;
			compatibilityVersion = "Xcode 9.3";
			developmentRegion = en;
			hasScannedForEncodings = 0;
			knownRegions = (
				en,
				Base,
			);
			mainGroup = 57E250B323DBDA68008D79E9;
			productRefGroup = 57E250BD23DBDA68008D79E9 /* Products */;
			projectDirPath = "";
			projectRoot = "";
			targets = (
				57E250BB23DBDA68008D79E9 /* Milestone5 */,
			);
		};
/* End PBXProject section */

/* Begin PBXResourcesBuildPhase section */
		57E250BA23DBDA68008D79E9 /* Resources */ = {
			isa = PBXResourcesBuildPhase;
			buildActionMask = 2147483647;
			files = (
				57E250CC23DBDA6B008D79E9 /* LaunchScreen.storyboard in Resources */,
				57E250C923DBDA6B008D79E9 /* Assets.xcassets in Resources */,
				57E250C723DBDA68008D79E9 /* Main.storyboard in Resources */,
			);
			runOnlyForDeploymentPostprocessing = 0;
		};
/* End PBXResourcesBuildPhase section */

/* Begin PBXSourcesBuildPhase section */
		57E250B823DBDA68008D79E9 /* Sources */ = {
			isa = PBXSourcesBuildPhase;
			buildActionMask = 2147483647;
			files = (
				5790277723E0F0EC007DF0ED /* ConcentrationGameViewController.swift in Sources */,
				5790277323E0D7E1007DF0ED /* Emoji.swift in Sources */,
				57693C5923E63E4C00584274 /* GameSettingsTableViewController.swift in Sources */,
				5790276B23E0C99F007DF0ED /* CardCollectionViewCell.swift in Sources */,
				5790277523E0D921007DF0ED /* Card.swift in Sources */,
				57693C5B23E63F6B00584274 /* Status.swift in Sources */,
				571D830523E7B5AA00D28577 /* GameSettingsViewController.swift in Sources */,
				5790277123E0D7B1007DF0ED /* Concentration.swift in Sources */,
				57E250C023DBDA68008D79E9 /* AppDelegate.swift in Sources */,
				57E250C223DBDA68008D79E9 /* SceneDelegate.swift in Sources */,
			);
			runOnlyForDeploymentPostprocessing = 0;
		};
/* End PBXSourcesBuildPhase section */

/* Begin PBXVariantGroup section */
		57E250C523DBDA68008D79E9 /* Main.storyboard */ = {
			isa = PBXVariantGroup;
			children = (
				57E250C623DBDA68008D79E9 /* Base */,
			);
			name = Main.storyboard;
			sourceTree = "<group>";
		};
		57E250CA23DBDA6B008D79E9 /* LaunchScreen.storyboard */ = {
			isa = PBXVariantGroup;
			children = (
				57E250CB23DBDA6B008D79E9 /* Base */,
			);
			name = LaunchScreen.storyboard;
			sourceTree = "<group>";
		};
/* End PBXVariantGroup section */

/* Begin XCBuildConfiguration section */
		57E250CE23DBDA6B008D79E9 /* Debug */ = {
			isa = XCBuildConfiguration;
			buildSettings = {
				ALWAYS_SEARCH_USER_PATHS = NO;
				CLANG_ANALYZER_NONNULL = YES;
				CLANG_ANALYZER_NUMBER_OBJECT_CONVERSION = YES_AGGRESSIVE;
				CLANG_CXX_LANGUAGE_STANDARD = "gnu++14";
				CLANG_CXX_LIBRARY = "libc++";
				CLANG_ENABLE_MODULES = YES;
				CLANG_ENABLE_OBJC_ARC = YES;
				CLANG_ENABLE_OBJC_WEAK = YES;
				CLANG_WARN_BLOCK_CAPTURE_AUTORELEASING = YES;
				CLANG_WARN_BOOL_CONVERSION = YES;
				CLANG_WARN_COMMA = YES;
				CLANG_WARN_CONSTANT_CONVERSION = YES;
				CLANG_WARN_DEPRECATED_OBJC_IMPLEMENTATIONS = YES;
				CLANG_WARN_DIRECT_OBJC_ISA_USAGE = YES_ERROR;
				CLANG_WARN_DOCUMENTATION_COMMENTS = YES;
				CLANG_WARN_EMPTY_BODY = YES;
				CLANG_WARN_ENUM_CONVERSION = YES;
				CLANG_WARN_INFINITE_RECURSION = YES;
				CLANG_WARN_INT_CONVERSION = YES;
				CLANG_WARN_NON_LITERAL_NULL_CONVERSION = YES;
				CLANG_WARN_OBJC_IMPLICIT_RETAIN_SELF = YES;
				CLANG_WARN_OBJC_LITERAL_CONVERSION = YES;
				CLANG_WARN_OBJC_ROOT_CLASS = YES_ERROR;
				CLANG_WARN_RANGE_LOOP_ANALYSIS = YES;
				CLANG_WARN_STRICT_PROTOTYPES = YES;
				CLANG_WARN_SUSPICIOUS_MOVE = YES;
				CLANG_WARN_UNGUARDED_AVAILABILITY = YES_AGGRESSIVE;
				CLANG_WARN_UNREACHABLE_CODE = YES;
				CLANG_WARN__DUPLICATE_METHOD_MATCH = YES;
				COPY_PHASE_STRIP = NO;
				DEBUG_INFORMATION_FORMAT = dwarf;
				ENABLE_STRICT_OBJC_MSGSEND = YES;
				ENABLE_TESTABILITY = YES;
				GCC_C_LANGUAGE_STANDARD = gnu11;
				GCC_DYNAMIC_NO_PIC = NO;
				GCC_NO_COMMON_BLOCKS = YES;
				GCC_OPTIMIZATION_LEVEL = 0;
				GCC_PREPROCESSOR_DEFINITIONS = (
					"DEBUG=1",
					"$(inherited)",
				);
				GCC_WARN_64_TO_32_BIT_CONVERSION = YES;
				GCC_WARN_ABOUT_RETURN_TYPE = YES_ERROR;
				GCC_WARN_UNDECLARED_SELECTOR = YES;
				GCC_WARN_UNINITIALIZED_AUTOS = YES_AGGRESSIVE;
				GCC_WARN_UNUSED_FUNCTION = YES;
				GCC_WARN_UNUSED_VARIABLE = YES;
				IPHONEOS_DEPLOYMENT_TARGET = 13.2;
				MTL_ENABLE_DEBUG_INFO = INCLUDE_SOURCE;
				MTL_FAST_MATH = YES;
				ONLY_ACTIVE_ARCH = YES;
				SDKROOT = iphoneos;
				SWIFT_ACTIVE_COMPILATION_CONDITIONS = DEBUG;
				SWIFT_OPTIMIZATION_LEVEL = "-Onone";
			};
			name = Debug;
		};
		57E250CF23DBDA6B008D79E9 /* Release */ = {
			isa = XCBuildConfiguration;
			buildSettings = {
				ALWAYS_SEARCH_USER_PATHS = NO;
				CLANG_ANALYZER_NONNULL = YES;
				CLANG_ANALYZER_NUMBER_OBJECT_CONVERSION = YES_AGGRESSIVE;
				CLANG_CXX_LANGUAGE_STANDARD = "gnu++14";
				CLANG_CXX_LIBRARY = "libc++";
				CLANG_ENABLE_MODULES = YES;
				CLANG_ENABLE_OBJC_ARC = YES;
				CLANG_ENABLE_OBJC_WEAK = YES;
				CLANG_WARN_BLOCK_CAPTURE_AUTORELEASING = YES;
				CLANG_WARN_BOOL_CONVERSION = YES;
				CLANG_WARN_COMMA = YES;
				CLANG_WARN_CONSTANT_CONVERSION = YES;
				CLANG_WARN_DEPRECATED_OBJC_IMPLEMENTATIONS = YES;
				CLANG_WARN_DIRECT_OBJC_ISA_USAGE = YES_ERROR;
				CLANG_WARN_DOCUMENTATION_COMMENTS = YES;
				CLANG_WARN_EMPTY_BODY = YES;
				CLANG_WARN_ENUM_CONVERSION = YES;
				CLANG_WARN_INFINITE_RECURSION = YES;
				CLANG_WARN_INT_CONVERSION = YES;
				CLANG_WARN_NON_LITERAL_NULL_CONVERSION = YES;
				CLANG_WARN_OBJC_IMPLICIT_RETAIN_SELF = YES;
				CLANG_WARN_OBJC_LITERAL_CONVERSION = YES;
				CLANG_WARN_OBJC_ROOT_CLASS = YES_ERROR;
				CLANG_WARN_RANGE_LOOP_ANALYSIS = YES;
				CLANG_WARN_STRICT_PROTOTYPES = YES;
				CLANG_WARN_SUSPICIOUS_MOVE = YES;
				CLANG_WARN_UNGUARDED_AVAILABILITY = YES_AGGRESSIVE;
				CLANG_WARN_UNREACHABLE_CODE = YES;
				CLANG_WARN__DUPLICATE_METHOD_MATCH = YES;
				COPY_PHASE_STRIP = NO;
				DEBUG_INFORMATION_FORMAT = "dwarf-with-dsym";
				ENABLE_NS_ASSERTIONS = NO;
				ENABLE_STRICT_OBJC_MSGSEND = YES;
				GCC_C_LANGUAGE_STANDARD = gnu11;
				GCC_NO_COMMON_BLOCKS = YES;
				GCC_WARN_64_TO_32_BIT_CONVERSION = YES;
				GCC_WARN_ABOUT_RETURN_TYPE = YES_ERROR;
				GCC_WARN_UNDECLARED_SELECTOR = YES;
				GCC_WARN_UNINITIALIZED_AUTOS = YES_AGGRESSIVE;
				GCC_WARN_UNUSED_FUNCTION = YES;
				GCC_WARN_UNUSED_VARIABLE = YES;
				IPHONEOS_DEPLOYMENT_TARGET = 13.2;
				MTL_ENABLE_DEBUG_INFO = NO;
				MTL_FAST_MATH = YES;
				SDKROOT = iphoneos;
				SWIFT_COMPILATION_MODE = wholemodule;
				SWIFT_OPTIMIZATION_LEVEL = "-O";
				VALIDATE_PRODUCT = YES;
			};
			name = Release;
		};
		57E250D123DBDA6B008D79E9 /* Debug */ = {
			isa = XCBuildConfiguration;
			buildSettings = {
				ASSETCATALOG_COMPILER_APPICON_NAME = AppIcon;
				CODE_SIGN_STYLE = Automatic;
				DEVELOPMENT_TEAM = 53K75NW4TH;
				INFOPLIST_FILE = "Milestone5/Supporting Files/Info.plist";
				LD_RUNPATH_SEARCH_PATHS = (
					"$(inherited)",
					"@executable_path/Frameworks",
				);
				PRODUCT_BUNDLE_IDENTIFIER = com.100DaysOfSwift.Milestone5;
				PRODUCT_NAME = "$(TARGET_NAME)";
				SWIFT_VERSION = 5.0;
				TARGETED_DEVICE_FAMILY = "1,2";
			};
			name = Debug;
		};
		57E250D223DBDA6B008D79E9 /* Release */ = {
			isa = XCBuildConfiguration;
			buildSettings = {
				ASSETCATALOG_COMPILER_APPICON_NAME = AppIcon;
				CODE_SIGN_STYLE = Automatic;
				DEVELOPMENT_TEAM = 53K75NW4TH;
				INFOPLIST_FILE = "Milestone5/Supporting Files/Info.plist";
				LD_RUNPATH_SEARCH_PATHS = (
					"$(inherited)",
					"@executable_path/Frameworks",
				);
				PRODUCT_BUNDLE_IDENTIFIER = com.100DaysOfSwift.Milestone5;
				PRODUCT_NAME = "$(TARGET_NAME)";
				SWIFT_VERSION = 5.0;
				TARGETED_DEVICE_FAMILY = "1,2";
			};
			name = Release;
		};
/* End XCBuildConfiguration section */

/* Begin XCConfigurationList section */
		57E250B723DBDA68008D79E9 /* Build configuration list for PBXProject "Milestone5" */ = {
			isa = XCConfigurationList;
			buildConfigurations = (
				57E250CE23DBDA6B008D79E9 /* Debug */,
				57E250CF23DBDA6B008D79E9 /* Release */,
			);
			defaultConfigurationIsVisible = 0;
			defaultConfigurationName = Release;
		};
		57E250D023DBDA6B008D79E9 /* Build configuration list for PBXNativeTarget "Milestone5" */ = {
			isa = XCConfigurationList;
			buildConfigurations = (
				57E250D123DBDA6B008D79E9 /* Debug */,
				57E250D223DBDA6B008D79E9 /* Release */,
			);
			defaultConfigurationIsVisible = 0;
			defaultConfigurationName = Release;
		};
/* End XCConfigurationList section */
	};
	rootObject = 57E250B423DBDA68008D79E9 /* Project object */;
}
