// !$*UTF8*$!
{
	archiveVersion = 1;
	classes = {
	};
	objectVersion = 50;
	objects = {

/* Begin PBXBuildFile section */
		57384D74239C2D5C00F11819 /* AppDelegate.swift in Sources */ = {isa = PBXBuildFile; fileRef = 57384D73239C2D5C00F11819 /* AppDelegate.swift */; };
		57384D76239C2D5C00F11819 /* SceneDelegate.swift in Sources */ = {isa = PBXBuildFile; fileRef = 57384D75239C2D5C00F11819 /* SceneDelegate.swift */; };
		57384D78239C2D5C00F11819 /* ViewController.swift in Sources */ = {isa = PBXBuildFile; fileRef = 57384D77239C2D5C00F11819 /* ViewController.swift */; };
		57384D7B239C2D5C00F11819 /* Main.storyboard in Resources */ = {isa = PBXBuildFile; fileRef = 57384D79239C2D5C00F11819 /* Main.storyboard */; };
		57384D7D239C2D5D00F11819 /* Assets.xcassets in Resources */ = {isa = PBXBuildFile; fileRef = 57384D7C239C2D5D00F11819 /* Assets.xcassets */; };
		57384D80239C2D5D00F11819 /* LaunchScreen.storyboard in Resources */ = {isa = PBXBuildFile; fileRef = 57384D7E239C2D5D00F11819 /* LaunchScreen.storyboard */; };
		57384D88239C32BC00F11819 /* DetailViewController.swift in Sources */ = {isa = PBXBuildFile; fileRef = 57384D87239C32BC00F11819 /* DetailViewController.swift */; };
		57384D90239FB2AF00F11819 /* Note.swift in Sources */ = {isa = PBXBuildFile; fileRef = 57384D8F239FB2AF00F11819 /* Note.swift */; };
		57BE4D4F239FD2AF0007484E /* Defaults.swift in Sources */ = {isa = PBXBuildFile; fileRef = 57BE4D4E239FD2AF0007484E /* Defaults.swift */; };
/* End PBXBuildFile section */

/* Begin PBXFileReference section */
		57384D70239C2D5C00F11819 /* Milestone4.app */ = {isa = PBXFileReference; explicitFileType = wrapper.application; includeInIndex = 0; path = Milestone4.app; sourceTree = BUILT_PRODUCTS_DIR; };
		57384D73239C2D5C00F11819 /* AppDelegate.swift */ = {isa = PBXFileReference; lastKnownFileType = sourcecode.swift; path = AppDelegate.swift; sourceTree = "<group>"; };
		57384D75239C2D5C00F11819 /* SceneDelegate.swift */ = {isa = PBXFileReference; lastKnownFileType = sourcecode.swift; path = SceneDelegate.swift; sourceTree = "<group>"; };
		57384D77239C2D5C00F11819 /* ViewController.swift */ = {isa = PBXFileReference; lastKnownFileType = sourcecode.swift; path = ViewController.swift; sourceTree = "<group>"; };
		57384D7A239C2D5C00F11819 /* Base */ = {isa = PBXFileReference; lastKnownFileType = file.storyboard; name = Base; path = Base.lproj/Main.storyboard; sourceTree = "<group>"; };
		57384D7C239C2D5D00F11819 /* Assets.xcassets */ = {isa = PBXFileReference; lastKnownFileType = folder.assetcatalog; path = Assets.xcassets; sourceTree = "<group>"; };
		57384D7F239C2D5D00F11819 /* Base */ = {isa = PBXFileReference; lastKnownFileType = file.storyboard; name = Base; path = Base.lproj/LaunchScreen.storyboard; sourceTree = "<group>"; };
		57384D81239C2D5D00F11819 /* Info.plist */ = {isa = PBXFileReference; lastKnownFileType = text.plist.xml; path = Info.plist; sourceTree = "<group>"; };
		57384D87239C32BC00F11819 /* DetailViewController.swift */ = {isa = PBXFileReference; lastKnownFileType = sourcecode.swift; path = DetailViewController.swift; sourceTree = "<group>"; };
		57384D8F239FB2AF00F11819 /* Note.swift */ = {isa = PBXFileReference; lastKnownFileType = sourcecode.swift; path = Note.swift; sourceTree = "<group>"; };
		57BE4D4E239FD2AF0007484E /* Defaults.swift */ = {isa = PBXFileReference; lastKnownFileType = sourcecode.swift; path = Defaults.swift; sourceTree = "<group>"; };
/* End PBXFileReference section */

/* Begin PBXFrameworksBuildPhase section */
		57384D6D239C2D5C00F11819 /* Frameworks */ = {
			isa = PBXFrameworksBuildPhase;
			buildActionMask = 2147483647;
			files = (
			);
			runOnlyForDeploymentPostprocessing = 0;
		};
/* End PBXFrameworksBuildPhase section */

/* Begin PBXGroup section */
		57384D67239C2D5C00F11819 = {
			isa = PBXGroup;
			children = (
				57384D72239C2D5C00F11819 /* Milestone4 */,
				57384D71239C2D5C00F11819 /* Products */,
			);
			sourceTree = "<group>";
		};
		57384D71239C2D5C00F11819 /* Products */ = {
			isa = PBXGroup;
			children = (
				57384D70239C2D5C00F11819 /* Milestone4.app */,
			);
			name = Products;
			sourceTree = "<group>";
		};
		57384D72239C2D5C00F11819 /* Milestone4 */ = {
			isa = PBXGroup;
			children = (
				57384D73239C2D5C00F11819 /* AppDelegate.swift */,
				57384D75239C2D5C00F11819 /* SceneDelegate.swift */,
				57384D77239C2D5C00F11819 /* ViewController.swift */,
				57384D79239C2D5C00F11819 /* Main.storyboard */,
				57384D7C239C2D5D00F11819 /* Assets.xcassets */,
				57384D7E239C2D5D00F11819 /* LaunchScreen.storyboard */,
				57384D81239C2D5D00F11819 /* Info.plist */,
				57384D87239C32BC00F11819 /* DetailViewController.swift */,
				57384D8F239FB2AF00F11819 /* Note.swift */,
				57BE4D4E239FD2AF0007484E /* Defaults.swift */,
			);
			path = Milestone4;
			sourceTree = "<group>";
		};
/* End PBXGroup section */

/* Begin PBXNativeTarget section */
		57384D6F239C2D5C00F11819 /* Milestone4 */ = {
			isa = PBXNativeTarget;
			buildConfigurationList = 57384D84239C2D5D00F11819 /* Build configuration list for PBXNativeTarget "Milestone4" */;
			buildPhases = (
				57384D6C239C2D5C00F11819 /* Sources */,
				57384D6D239C2D5C00F11819 /* Frameworks */,
				57384D6E239C2D5C00F11819 /* Resources */,
			);
			buildRules = (
			);
			dependencies = (
			);
			name = Milestone4;
			productName = Milestone4;
			productReference = 57384D70239C2D5C00F11819 /* Milestone4.app */;
			productType = "com.apple.product-type.application";
		};
/* End PBXNativeTarget section */

/* Begin PBXProject section */
		57384D68239C2D5C00F11819 /* Project object */ = {
			isa = PBXProject;
			attributes = {
				LastSwiftUpdateCheck = 1100;
				LastUpgradeCheck = 1100;
				ORGANIZATIONNAME = "Lareen Melo";
				TargetAttributes = {
					57384D6F239C2D5C00F11819 = {
						CreatedOnToolsVersion = 11.0;
					};
				};
			};
			buildConfigurationList = 57384D6B239C2D5C00F11819 /* Build configuration list for PBXProject "Milestone4" */;
			compatibilityVersion = "Xcode 9.3";
			developmentRegion = en;
			hasScannedForEncodings = 0;
			knownRegions = (
				en,
				Base,
			);
			mainGroup = 57384D67239C2D5C00F11819;
			productRefGroup = 57384D71239C2D5C00F11819 /* Products */;
			projectDirPath = "";
			projectRoot = "";
			targets = (
				57384D6F239C2D5C00F11819 /* Milestone4 */,
			);
		};
/* End PBXProject section */

/* Begin PBXResourcesBuildPhase section */
		57384D6E239C2D5C00F11819 /* Resources */ = {
			isa = PBXResourcesBuildPhase;
			buildActionMask = 2147483647;
			files = (
				57384D80239C2D5D00F11819 /* LaunchScreen.storyboard in Resources */,
				57384D7D239C2D5D00F11819 /* Assets.xcassets in Resources */,
				57384D7B239C2D5C00F11819 /* Main.storyboard in Resources */,
			);
			runOnlyForDeploymentPostprocessing = 0;
		};
/* End PBXResourcesBuildPhase section */

/* Begin PBXSourcesBuildPhase section */
		57384D6C239C2D5C00F11819 /* Sources */ = {
			isa = PBXSourcesBuildPhase;
			buildActionMask = 2147483647;
			files = (
				57384D90239FB2AF00F11819 /* Note.swift in Sources */,
				57384D78239C2D5C00F11819 /* ViewController.swift in Sources */,
				57384D74239C2D5C00F11819 /* AppDelegate.swift in Sources */,
				57BE4D4F239FD2AF0007484E /* Defaults.swift in Sources */,
				57384D76239C2D5C00F11819 /* SceneDelegate.swift in Sources */,
				57384D88239C32BC00F11819 /* DetailViewController.swift in Sources */,
			);
			runOnlyForDeploymentPostprocessing = 0;
		};
/* End PBXSourcesBuildPhase section */

/* Begin PBXVariantGroup section */
		57384D79239C2D5C00F11819 /* Main.storyboard */ = {
			isa = PBXVariantGroup;
			children = (
				57384D7A239C2D5C00F11819 /* Base */,
			);
			name = Main.storyboard;
			sourceTree = "<group>";
		};
		57384D7E239C2D5D00F11819 /* LaunchScreen.storyboard */ = {
			isa = PBXVariantGroup;
			children = (
				57384D7F239C2D5D00F11819 /* Base */,
			);
			name = LaunchScreen.storyboard;
			sourceTree = "<group>";
		};
/* End PBXVariantGroup section */

/* Begin XCBuildConfiguration section */
		57384D82239C2D5D00F11819 /* Debug */ = {
			isa = XCBuildConfiguration;
			buildSettings = {
				ALWAYS_SEARCH_USER_PATHS = NO;
				CLANG_ANALYZER_NONNULL = YES;
				CLANG_ANALYZER_NUMBER_OBJECT_CONVERSION = YES_AGGRESSIVE;
				CLANG_CXX_LANGUAGE_STANDARD = "gnu++14";
				CLANG_CXX_LIBRARY = "libc++";
				CLANG_ENABLE_MODULES = YES;
				CLANG_ENABLE_OBJC_ARC = YES;
				CLANG_ENABLE_OBJC_WEAK = YES;
				CLANG_WARN_BLOCK_CAPTURE_AUTORELEASING = YES;
				CLANG_WARN_BOOL_CONVERSION = YES;
				CLANG_WARN_COMMA = YES;
				CLANG_WARN_CONSTANT_CONVERSION = YES;
				CLANG_WARN_DEPRECATED_OBJC_IMPLEMENTATIONS = YES;
				CLANG_WARN_DIRECT_OBJC_ISA_USAGE = YES_ERROR;
				CLANG_WARN_DOCUMENTATION_COMMENTS = YES;
				CLANG_WARN_EMPTY_BODY = YES;
				CLANG_WARN_ENUM_CONVERSION = YES;
				CLANG_WARN_INFINITE_RECURSION = YES;
				CLANG_WARN_INT_CONVERSION = YES;
				CLANG_WARN_NON_LITERAL_NULL_CONVERSION = YES;
				CLANG_WARN_OBJC_IMPLICIT_RETAIN_SELF = YES;
				CLANG_WARN_OBJC_LITERAL_CONVERSION = YES;
				CLANG_WARN_OBJC_ROOT_CLASS = YES_ERROR;
				CLANG_WARN_RANGE_LOOP_ANALYSIS = YES;
				CLANG_WARN_STRICT_PROTOTYPES = YES;
				CLANG_WARN_SUSPICIOUS_MOVE = YES;
				CLANG_WARN_UNGUARDED_AVAILABILITY = YES_AGGRESSIVE;
				CLANG_WARN_UNREACHABLE_CODE = YES;
				CLANG_WARN__DUPLICATE_METHOD_MATCH = YES;
				COPY_PHASE_STRIP = NO;
				DEBUG_INFORMATION_FORMAT = dwarf;
				ENABLE_STRICT_OBJC_MSGSEND = YES;
				ENABLE_TESTABILITY = YES;
				GCC_C_LANGUAGE_STANDARD = gnu11;
				GCC_DYNAMIC_NO_PIC = NO;
				GCC_NO_COMMON_BLOCKS = YES;
				GCC_OPTIMIZATION_LEVEL = 0;
				GCC_PREPROCESSOR_DEFINITIONS = (
					"DEBUG=1",
					"$(inherited)",
				);
				GCC_WARN_64_TO_32_BIT_CONVERSION = YES;
				GCC_WARN_ABOUT_RETURN_TYPE = YES_ERROR;
				GCC_WARN_UNDECLARED_SELECTOR = YES;
				GCC_WARN_UNINITIALIZED_AUTOS = YES_AGGRESSIVE;
				GCC_WARN_UNUSED_FUNCTION = YES;
				GCC_WARN_UNUSED_VARIABLE = YES;
				IPHONEOS_DEPLOYMENT_TARGET = 13.0;
				MTL_ENABLE_DEBUG_INFO = INCLUDE_SOURCE;
				MTL_FAST_MATH = YES;
				ONLY_ACTIVE_ARCH = YES;
				SDKROOT = iphoneos;
				SWIFT_ACTIVE_COMPILATION_CONDITIONS = DEBUG;
				SWIFT_OPTIMIZATION_LEVEL = "-Onone";
			};
			name = Debug;
		};
		57384D83239C2D5D00F11819 /* Release */ = {
			isa = XCBuildConfiguration;
			buildSettings = {
				ALWAYS_SEARCH_USER_PATHS = NO;
				CLANG_ANALYZER_NONNULL = YES;
				CLANG_ANALYZER_NUMBER_OBJECT_CONVERSION = YES_AGGRESSIVE;
				CLANG_CXX_LANGUAGE_STANDARD = "gnu++14";
				CLANG_CXX_LIBRARY = "libc++";
				CLANG_ENABLE_MODULES = YES;
				CLANG_ENABLE_OBJC_ARC = YES;
				CLANG_ENABLE_OBJC_WEAK = YES;
				CLANG_WARN_BLOCK_CAPTURE_AUTORELEASING = YES;
				CLANG_WARN_BOOL_CONVERSION = YES;
				CLANG_WARN_COMMA = YES;
				CLANG_WARN_CONSTANT_CONVERSION = YES;
				CLANG_WARN_DEPRECATED_OBJC_IMPLEMENTATIONS = YES;
				CLANG_WARN_DIRECT_OBJC_ISA_USAGE = YES_ERROR;
				CLANG_WARN_DOCUMENTATION_COMMENTS = YES;
				CLANG_WARN_EMPTY_BODY = YES;
				CLANG_WARN_ENUM_CONVERSION = YES;
				CLANG_WARN_INFINITE_RECURSION = YES;
				CLANG_WARN_INT_CONVERSION = YES;
				CLANG_WARN_NON_LITERAL_NULL_CONVERSION = YES;
				CLANG_WARN_OBJC_IMPLICIT_RETAIN_SELF = YES;
				CLANG_WARN_OBJC_LITERAL_CONVERSION = YES;
				CLANG_WARN_OBJC_ROOT_CLASS = YES_ERROR;
				CLANG_WARN_RANGE_LOOP_ANALYSIS = YES;
				CLANG_WARN_STRICT_PROTOTYPES = YES;
				CLANG_WARN_SUSPICIOUS_MOVE = YES;
				CLANG_WARN_UNGUARDED_AVAILABILITY = YES_AGGRESSIVE;
				CLANG_WARN_UNREACHABLE_CODE = YES;
				CLANG_WARN__DUPLICATE_METHOD_MATCH = YES;
				COPY_PHASE_STRIP = NO;
				DEBUG_INFORMATION_FORMAT = "dwarf-with-dsym";
				ENABLE_NS_ASSERTIONS = NO;
				ENABLE_STRICT_OBJC_MSGSEND = YES;
				GCC_C_LANGUAGE_STANDARD = gnu11;
				GCC_NO_COMMON_BLOCKS = YES;
				GCC_WARN_64_TO_32_BIT_CONVERSION = YES;
				GCC_WARN_ABOUT_RETURN_TYPE = YES_ERROR;
				GCC_WARN_UNDECLARED_SELECTOR = YES;
				GCC_WARN_UNINITIALIZED_AUTOS = YES_AGGRESSIVE;
				GCC_WARN_UNUSED_FUNCTION = YES;
				GCC_WARN_UNUSED_VARIABLE = YES;
				IPHONEOS_DEPLOYMENT_TARGET = 13.0;
				MTL_ENABLE_DEBUG_INFO = NO;
				MTL_FAST_MATH = YES;
				SDKROOT = iphoneos;
				SWIFT_COMPILATION_MODE = wholemodule;
				SWIFT_OPTIMIZATION_LEVEL = "-O";
				VALIDATE_PRODUCT = YES;
			};
			name = Release;
		};
		57384D85239C2D5D00F11819 /* Debug */ = {
			isa = XCBuildConfiguration;
			buildSettings = {
				ASSETCATALOG_COMPILER_APPICON_NAME = AppIcon;
				CODE_SIGN_STYLE = Automatic;
				DEVELOPMENT_TEAM = 53K75NW4TH;
				INFOPLIST_FILE = Milestone4/Info.plist;
				LD_RUNPATH_SEARCH_PATHS = (
					"$(inherited)",
					"@executable_path/Frameworks",
				);
				PRODUCT_BUNDLE_IDENTIFIER = com.100daysofswift.Milestone4;
				PRODUCT_NAME = "$(TARGET_NAME)";
				SWIFT_VERSION = 5.0;
				TARGETED_DEVICE_FAMILY = "1,2";
			};
			name = Debug;
		};
		57384D86239C2D5D00F11819 /* Release */ = {
			isa = XCBuildConfiguration;
			buildSettings = {
				ASSETCATALOG_COMPILER_APPICON_NAME = AppIcon;
				CODE_SIGN_STYLE = Automatic;
				DEVELOPMENT_TEAM = 53K75NW4TH;
				INFOPLIST_FILE = Milestone4/Info.plist;
				LD_RUNPATH_SEARCH_PATHS = (
					"$(inherited)",
					"@executable_path/Frameworks",
				);
				PRODUCT_BUNDLE_IDENTIFIER = com.100daysofswift.Milestone4;
				PRODUCT_NAME = "$(TARGET_NAME)";
				SWIFT_VERSION = 5.0;
				TARGETED_DEVICE_FAMILY = "1,2";
			};
			name = Release;
		};
/* End XCBuildConfiguration section */

/* Begin XCConfigurationList section */
		57384D6B239C2D5C00F11819 /* Build configuration list for PBXProject "Milestone4" */ = {
			isa = XCConfigurationList;
			buildConfigurations = (
				57384D82239C2D5D00F11819 /* Debug */,
				57384D83239C2D5D00F11819 /* Release */,
			);
			defaultConfigurationIsVisible = 0;
			defaultConfigurationName = Release;
		};
		57384D84239C2D5D00F11819 /* Build configuration list for PBXNativeTarget "Milestone4" */ = {
			isa = XCConfigurationList;
			buildConfigurations = (
				57384D85239C2D5D00F11819 /* Debug */,
				57384D86239C2D5D00F11819 /* Release */,
			);
			defaultConfigurationIsVisible = 0;
			defaultConfigurationName = Release;
		};
/* End XCConfigurationList section */
	};
	rootObject = 57384D68239C2D5C00F11819 /* Project object */;
}
