// !$*UTF8*$!
{
	archiveVersion = 1;
	classes = {
	};
	objectVersion = 50;
	objects = {

/* Begin PBXBuildFile section */
		57C509892377B66F0002A7D2 /* AppDelegate.swift in Sources */ = {isa = PBXBuildFile; fileRef = 57C509882377B66F0002A7D2 /* AppDelegate.swift */; };
		57C5098B2377B66F0002A7D2 /* GameScene.sks in Resources */ = {isa = PBXBuildFile; fileRef = 57C5098A2377B66F0002A7D2 /* GameScene.sks */; };
		57C5098F2377B66F0002A7D2 /* GameScene.swift in Sources */ = {isa = PBXBuildFile; fileRef = 57C5098E2377B66F0002A7D2 /* GameScene.swift */; };
		57C509912377B66F0002A7D2 /* GameViewController.swift in Sources */ = {isa = PBXBuildFile; fileRef = 57C509902377B66F0002A7D2 /* GameViewController.swift */; };
		57C509942377B66F0002A7D2 /* Main.storyboard in Resources */ = {isa = PBXBuildFile; fileRef = 57C509922377B66F0002A7D2 /* Main.storyboard */; };
		57C509962377B6710002A7D2 /* Assets.xcassets in Resources */ = {isa = PBXBuildFile; fileRef = 57C509952377B6710002A7D2 /* Assets.xcassets */; };
		57C509992377B6710002A7D2 /* LaunchScreen.storyboard in Resources */ = {isa = PBXBuildFile; fileRef = 57C509972377B6710002A7D2 /* LaunchScreen.storyboard */; };
		57C509A92377B74A0002A7D2 /* whackBad.caf in Resources */ = {isa = PBXBuildFile; fileRef = 57C509A12377B7490002A7D2 /* whackBad.caf */; };
		57C509AA2377B74A0002A7D2 /* whack.caf in Resources */ = {isa = PBXBuildFile; fileRef = 57C509A22377B7490002A7D2 /* whack.caf */; };
		57C509AB2377B74A0002A7D2 /* gameOver@2x.png in Resources */ = {isa = PBXBuildFile; fileRef = 57C509A32377B7490002A7D2 /* gameOver@2x.png */; };
		57C509AC2377B74A0002A7D2 /* penguinEvil@2x.png in Resources */ = {isa = PBXBuildFile; fileRef = 57C509A42377B7490002A7D2 /* penguinEvil@2x.png */; };
		57C509AD2377B74A0002A7D2 /* whackHole@2x.png in Resources */ = {isa = PBXBuildFile; fileRef = 57C509A52377B7490002A7D2 /* whackHole@2x.png */; };
		57C509AE2377B74A0002A7D2 /* penguinGood@2x.png in Resources */ = {isa = PBXBuildFile; fileRef = 57C509A62377B7490002A7D2 /* penguinGood@2x.png */; };
		57C509AF2377B74A0002A7D2 /* whackMask@2x.png in Resources */ = {isa = PBXBuildFile; fileRef = 57C509A72377B7490002A7D2 /* whackMask@2x.png */; };
		57C509B02377B74A0002A7D2 /* whackBackground@2x.png in Resources */ = {isa = PBXBuildFile; fileRef = 57C509A82377B7490002A7D2 /* whackBackground@2x.png */; };
		57C509B22377B9450002A7D2 /* WhackSlot.swift in Sources */ = {isa = PBXBuildFile; fileRef = 57C509B12377B9450002A7D2 /* WhackSlot.swift */; };
/* End PBXBuildFile section */

/* Begin PBXFileReference section */
		57C509852377B66F0002A7D2 /* Project14.app */ = {isa = PBXFileReference; explicitFileType = wrapper.application; includeInIndex = 0; path = Project14.app; sourceTree = BUILT_PRODUCTS_DIR; };
		57C509882377B66F0002A7D2 /* AppDelegate.swift */ = {isa = PBXFileReference; lastKnownFileType = sourcecode.swift; path = AppDelegate.swift; sourceTree = "<group>"; };
		57C5098A2377B66F0002A7D2 /* GameScene.sks */ = {isa = PBXFileReference; lastKnownFileType = file.sks; path = GameScene.sks; sourceTree = "<group>"; };
		57C5098E2377B66F0002A7D2 /* GameScene.swift */ = {isa = PBXFileReference; lastKnownFileType = sourcecode.swift; path = GameScene.swift; sourceTree = "<group>"; };
		57C509902377B66F0002A7D2 /* GameViewController.swift */ = {isa = PBXFileReference; lastKnownFileType = sourcecode.swift; path = GameViewController.swift; sourceTree = "<group>"; };
		57C509932377B66F0002A7D2 /* Base */ = {isa = PBXFileReference; lastKnownFileType = file.storyboard; name = Base; path = Base.lproj/Main.storyboard; sourceTree = "<group>"; };
		57C509952377B6710002A7D2 /* Assets.xcassets */ = {isa = PBXFileReference; lastKnownFileType = folder.assetcatalog; path = Assets.xcassets; sourceTree = "<group>"; };
		57C509982377B6710002A7D2 /* Base */ = {isa = PBXFileReference; lastKnownFileType = file.storyboard; name = Base; path = Base.lproj/LaunchScreen.storyboard; sourceTree = "<group>"; };
		57C5099A2377B6710002A7D2 /* Info.plist */ = {isa = PBXFileReference; lastKnownFileType = text.plist.xml; path = Info.plist; sourceTree = "<group>"; };
		57C509A12377B7490002A7D2 /* whackBad.caf */ = {isa = PBXFileReference; lastKnownFileType = file; path = whackBad.caf; sourceTree = "<group>"; };
		57C509A22377B7490002A7D2 /* whack.caf */ = {isa = PBXFileReference; lastKnownFileType = file; path = whack.caf; sourceTree = "<group>"; };
		57C509A32377B7490002A7D2 /* gameOver@2x.png */ = {isa = PBXFileReference; lastKnownFileType = image.png; path = "gameOver@2x.png"; sourceTree = "<group>"; };
		57C509A42377B7490002A7D2 /* penguinEvil@2x.png */ = {isa = PBXFileReference; lastKnownFileType = image.png; path = "penguinEvil@2x.png"; sourceTree = "<group>"; };
		57C509A52377B7490002A7D2 /* whackHole@2x.png */ = {isa = PBXFileReference; lastKnownFileType = image.png; path = "whackHole@2x.png"; sourceTree = "<group>"; };
		57C509A62377B7490002A7D2 /* penguinGood@2x.png */ = {isa = PBXFileReference; lastKnownFileType = image.png; path = "penguinGood@2x.png"; sourceTree = "<group>"; };
		57C509A72377B7490002A7D2 /* whackMask@2x.png */ = {isa = PBXFileReference; lastKnownFileType = image.png; path = "whackMask@2x.png"; sourceTree = "<group>"; };
		57C509A82377B7490002A7D2 /* whackBackground@2x.png */ = {isa = PBXFileReference; lastKnownFileType = image.png; path = "whackBackground@2x.png"; sourceTree = "<group>"; };
		57C509B12377B9450002A7D2 /* WhackSlot.swift */ = {isa = PBXFileReference; lastKnownFileType = sourcecode.swift; path = WhackSlot.swift; sourceTree = "<group>"; };
/* End PBXFileReference section */

/* Begin PBXFrameworksBuildPhase section */
		57C509822377B66F0002A7D2 /* Frameworks */ = {
			isa = PBXFrameworksBuildPhase;
			buildActionMask = 2147483647;
			files = (
			);
			runOnlyForDeploymentPostprocessing = 0;
		};
/* End PBXFrameworksBuildPhase section */

/* Begin PBXGroup section */
		57C5097C2377B66F0002A7D2 = {
			isa = PBXGroup;
			children = (
				57C509872377B66F0002A7D2 /* Project14 */,
				57C509862377B66F0002A7D2 /* Products */,
			);
			sourceTree = "<group>";
		};
		57C509862377B66F0002A7D2 /* Products */ = {
			isa = PBXGroup;
			children = (
				57C509852377B66F0002A7D2 /* Project14.app */,
			);
			name = Products;
			sourceTree = "<group>";
		};
		57C509872377B66F0002A7D2 /* Project14 */ = {
			isa = PBXGroup;
			children = (
				57C509A02377B7490002A7D2 /* Content */,
				57C509882377B66F0002A7D2 /* AppDelegate.swift */,
				57C5098A2377B66F0002A7D2 /* GameScene.sks */,
				57C5098E2377B66F0002A7D2 /* GameScene.swift */,
				57C509902377B66F0002A7D2 /* GameViewController.swift */,
				57C509922377B66F0002A7D2 /* Main.storyboard */,
				57C509952377B6710002A7D2 /* Assets.xcassets */,
				57C509972377B6710002A7D2 /* LaunchScreen.storyboard */,
				57C5099A2377B6710002A7D2 /* Info.plist */,
				57C509B12377B9450002A7D2 /* WhackSlot.swift */,
			);
			path = Project14;
			sourceTree = "<group>";
		};
		57C509A02377B7490002A7D2 /* Content */ = {
			isa = PBXGroup;
			children = (
				57C509A12377B7490002A7D2 /* whackBad.caf */,
				57C509A22377B7490002A7D2 /* whack.caf */,
				57C509A32377B7490002A7D2 /* gameOver@2x.png */,
				57C509A42377B7490002A7D2 /* penguinEvil@2x.png */,
				57C509A52377B7490002A7D2 /* whackHole@2x.png */,
				57C509A62377B7490002A7D2 /* penguinGood@2x.png */,
				57C509A72377B7490002A7D2 /* whackMask@2x.png */,
				57C509A82377B7490002A7D2 /* whackBackground@2x.png */,
			);
			name = Content;
			path = "../../../../../../../../Downloads/HackingWithSwift-master/project14-files/Content";
			sourceTree = "<group>";
		};
/* End PBXGroup section */

/* Begin PBXNativeTarget section */
		57C509842377B66F0002A7D2 /* Project14 */ = {
			isa = PBXNativeTarget;
			buildConfigurationList = 57C5099D2377B6710002A7D2 /* Build configuration list for PBXNativeTarget "Project14" */;
			buildPhases = (
				57C509812377B66F0002A7D2 /* Sources */,
				57C509822377B66F0002A7D2 /* Frameworks */,
				57C509832377B66F0002A7D2 /* Resources */,
			);
			buildRules = (
			);
			dependencies = (
			);
			name = Project14;
			productName = Project14;
			productReference = 57C509852377B66F0002A7D2 /* Project14.app */;
			productType = "com.apple.product-type.application";
		};
/* End PBXNativeTarget section */

/* Begin PBXProject section */
		57C5097D2377B66F0002A7D2 /* Project object */ = {
			isa = PBXProject;
			attributes = {
				LastSwiftUpdateCheck = 1100;
				LastUpgradeCheck = 1100;
				ORGANIZATIONNAME = "Lareen Melo";
				TargetAttributes = {
					57C509842377B66F0002A7D2 = {
						CreatedOnToolsVersion = 11.0;
					};
				};
			};
			buildConfigurationList = 57C509802377B66F0002A7D2 /* Build configuration list for PBXProject "Project14" */;
			compatibilityVersion = "Xcode 9.3";
			developmentRegion = en;
			hasScannedForEncodings = 0;
			knownRegions = (
				en,
				Base,
			);
			mainGroup = 57C5097C2377B66F0002A7D2;
			productRefGroup = 57C509862377B66F0002A7D2 /* Products */;
			projectDirPath = "";
			projectRoot = "";
			targets = (
				57C509842377B66F0002A7D2 /* Project14 */,
			);
		};
/* End PBXProject section */

/* Begin PBXResourcesBuildPhase section */
		57C509832377B66F0002A7D2 /* Resources */ = {
			isa = PBXResourcesBuildPhase;
			buildActionMask = 2147483647;
			files = (
				57C509AF2377B74A0002A7D2 /* whackMask@2x.png in Resources */,
				57C509A92377B74A0002A7D2 /* whackBad.caf in Resources */,
				57C509942377B66F0002A7D2 /* Main.storyboard in Resources */,
				57C5098B2377B66F0002A7D2 /* GameScene.sks in Resources */,
				57C509962377B6710002A7D2 /* Assets.xcassets in Resources */,
				57C509B02377B74A0002A7D2 /* whackBackground@2x.png in Resources */,
				57C509AD2377B74A0002A7D2 /* whackHole@2x.png in Resources */,
				57C509992377B6710002A7D2 /* LaunchScreen.storyboard in Resources */,
				57C509AC2377B74A0002A7D2 /* penguinEvil@2x.png in Resources */,
				57C509AB2377B74A0002A7D2 /* gameOver@2x.png in Resources */,
				57C509AE2377B74A0002A7D2 /* penguinGood@2x.png in Resources */,
				57C509AA2377B74A0002A7D2 /* whack.caf in Resources */,
			);
			runOnlyForDeploymentPostprocessing = 0;
		};
/* End PBXResourcesBuildPhase section */

/* Begin PBXSourcesBuildPhase section */
		57C509812377B66F0002A7D2 /* Sources */ = {
			isa = PBXSourcesBuildPhase;
			buildActionMask = 2147483647;
			files = (
				57C5098F2377B66F0002A7D2 /* GameScene.swift in Sources */,
				57C509912377B66F0002A7D2 /* GameViewController.swift in Sources */,
				57C509B22377B9450002A7D2 /* WhackSlot.swift in Sources */,
				57C509892377B66F0002A7D2 /* AppDelegate.swift in Sources */,
			);
			runOnlyForDeploymentPostprocessing = 0;
		};
/* End PBXSourcesBuildPhase section */

/* Begin PBXVariantGroup section */
		57C509922377B66F0002A7D2 /* Main.storyboard */ = {
			isa = PBXVariantGroup;
			children = (
				57C509932377B66F0002A7D2 /* Base */,
			);
			name = Main.storyboard;
			sourceTree = "<group>";
		};
		57C509972377B6710002A7D2 /* LaunchScreen.storyboard */ = {
			isa = PBXVariantGroup;
			children = (
				57C509982377B6710002A7D2 /* Base */,
			);
			name = LaunchScreen.storyboard;
			sourceTree = "<group>";
		};
/* End PBXVariantGroup section */

/* Begin XCBuildConfiguration section */
		57C5099B2377B6710002A7D2 /* Debug */ = {
			isa = XCBuildConfiguration;
			buildSettings = {
				ALWAYS_SEARCH_USER_PATHS = NO;
				CLANG_ANALYZER_NONNULL = YES;
				CLANG_ANALYZER_NUMBER_OBJECT_CONVERSION = YES_AGGRESSIVE;
				CLANG_CXX_LANGUAGE_STANDARD = "gnu++14";
				CLANG_CXX_LIBRARY = "libc++";
				CLANG_ENABLE_MODULES = YES;
				CLANG_ENABLE_OBJC_ARC = YES;
				CLANG_ENABLE_OBJC_WEAK = YES;
				CLANG_WARN_BLOCK_CAPTURE_AUTORELEASING = YES;
				CLANG_WARN_BOOL_CONVERSION = YES;
				CLANG_WARN_COMMA = YES;
				CLANG_WARN_CONSTANT_CONVERSION = YES;
				CLANG_WARN_DEPRECATED_OBJC_IMPLEMENTATIONS = YES;
				CLANG_WARN_DIRECT_OBJC_ISA_USAGE = YES_ERROR;
				CLANG_WARN_DOCUMENTATION_COMMENTS = YES;
				CLANG_WARN_EMPTY_BODY = YES;
				CLANG_WARN_ENUM_CONVERSION = YES;
				CLANG_WARN_INFINITE_RECURSION = YES;
				CLANG_WARN_INT_CONVERSION = YES;
				CLANG_WARN_NON_LITERAL_NULL_CONVERSION = YES;
				CLANG_WARN_OBJC_IMPLICIT_RETAIN_SELF = YES;
				CLANG_WARN_OBJC_LITERAL_CONVERSION = YES;
				CLANG_WARN_OBJC_ROOT_CLASS = YES_ERROR;
				CLANG_WARN_RANGE_LOOP_ANALYSIS = YES;
				CLANG_WARN_STRICT_PROTOTYPES = YES;
				CLANG_WARN_SUSPICIOUS_MOVE = YES;
				CLANG_WARN_UNGUARDED_AVAILABILITY = YES_AGGRESSIVE;
				CLANG_WARN_UNREACHABLE_CODE = YES;
				CLANG_WARN__DUPLICATE_METHOD_MATCH = YES;
				COPY_PHASE_STRIP = NO;
				DEBUG_INFORMATION_FORMAT = dwarf;
				ENABLE_STRICT_OBJC_MSGSEND = YES;
				ENABLE_TESTABILITY = YES;
				GCC_C_LANGUAGE_STANDARD = gnu11;
				GCC_DYNAMIC_NO_PIC = NO;
				GCC_NO_COMMON_BLOCKS = YES;
				GCC_OPTIMIZATION_LEVEL = 0;
				GCC_PREPROCESSOR_DEFINITIONS = (
					"DEBUG=1",
					"$(inherited)",
				);
				GCC_WARN_64_TO_32_BIT_CONVERSION = YES;
				GCC_WARN_ABOUT_RETURN_TYPE = YES_ERROR;
				GCC_WARN_UNDECLARED_SELECTOR = YES;
				GCC_WARN_UNINITIALIZED_AUTOS = YES_AGGRESSIVE;
				GCC_WARN_UNUSED_FUNCTION = YES;
				GCC_WARN_UNUSED_VARIABLE = YES;
				IPHONEOS_DEPLOYMENT_TARGET = 13.0;
				MTL_ENABLE_DEBUG_INFO = INCLUDE_SOURCE;
				MTL_FAST_MATH = YES;
				ONLY_ACTIVE_ARCH = YES;
				SDKROOT = iphoneos;
				SWIFT_ACTIVE_COMPILATION_CONDITIONS = DEBUG;
				SWIFT_OPTIMIZATION_LEVEL = "-Onone";
			};
			name = Debug;
		};
		57C5099C2377B6710002A7D2 /* Release */ = {
			isa = XCBuildConfiguration;
			buildSettings = {
				ALWAYS_SEARCH_USER_PATHS = NO;
				CLANG_ANALYZER_NONNULL = YES;
				CLANG_ANALYZER_NUMBER_OBJECT_CONVERSION = YES_AGGRESSIVE;
				CLANG_CXX_LANGUAGE_STANDARD = "gnu++14";
				CLANG_CXX_LIBRARY = "libc++";
				CLANG_ENABLE_MODULES = YES;
				CLANG_ENABLE_OBJC_ARC = YES;
				CLANG_ENABLE_OBJC_WEAK = YES;
				CLANG_WARN_BLOCK_CAPTURE_AUTORELEASING = YES;
				CLANG_WARN_BOOL_CONVERSION = YES;
				CLANG_WARN_COMMA = YES;
				CLANG_WARN_CONSTANT_CONVERSION = YES;
				CLANG_WARN_DEPRECATED_OBJC_IMPLEMENTATIONS = YES;
				CLANG_WARN_DIRECT_OBJC_ISA_USAGE = YES_ERROR;
				CLANG_WARN_DOCUMENTATION_COMMENTS = YES;
				CLANG_WARN_EMPTY_BODY = YES;
				CLANG_WARN_ENUM_CONVERSION = YES;
				CLANG_WARN_INFINITE_RECURSION = YES;
				CLANG_WARN_INT_CONVERSION = YES;
				CLANG_WARN_NON_LITERAL_NULL_CONVERSION = YES;
				CLANG_WARN_OBJC_IMPLICIT_RETAIN_SELF = YES;
				CLANG_WARN_OBJC_LITERAL_CONVERSION = YES;
				CLANG_WARN_OBJC_ROOT_CLASS = YES_ERROR;
				CLANG_WARN_RANGE_LOOP_ANALYSIS = YES;
				CLANG_WARN_STRICT_PROTOTYPES = YES;
				CLANG_WARN_SUSPICIOUS_MOVE = YES;
				CLANG_WARN_UNGUARDED_AVAILABILITY = YES_AGGRESSIVE;
				CLANG_WARN_UNREACHABLE_CODE = YES;
				CLANG_WARN__DUPLICATE_METHOD_MATCH = YES;
				COPY_PHASE_STRIP = NO;
				DEBUG_INFORMATION_FORMAT = "dwarf-with-dsym";
				ENABLE_NS_ASSERTIONS = NO;
				ENABLE_STRICT_OBJC_MSGSEND = YES;
				GCC_C_LANGUAGE_STANDARD = gnu11;
				GCC_NO_COMMON_BLOCKS = YES;
				GCC_WARN_64_TO_32_BIT_CONVERSION = YES;
				GCC_WARN_ABOUT_RETURN_TYPE = YES_ERROR;
				GCC_WARN_UNDECLARED_SELECTOR = YES;
				GCC_WARN_UNINITIALIZED_AUTOS = YES_AGGRESSIVE;
				GCC_WARN_UNUSED_FUNCTION = YES;
				GCC_WARN_UNUSED_VARIABLE = YES;
				IPHONEOS_DEPLOYMENT_TARGET = 13.0;
				MTL_ENABLE_DEBUG_INFO = NO;
				MTL_FAST_MATH = YES;
				SDKROOT = iphoneos;
				SWIFT_COMPILATION_MODE = wholemodule;
				SWIFT_OPTIMIZATION_LEVEL = "-O";
				VALIDATE_PRODUCT = YES;
			};
			name = Release;
		};
		57C5099E2377B6710002A7D2 /* Debug */ = {
			isa = XCBuildConfiguration;
			buildSettings = {
				ASSETCATALOG_COMPILER_APPICON_NAME = AppIcon;
				CODE_SIGN_STYLE = Automatic;
				DEVELOPMENT_TEAM = 53K75NW4TH;
				INFOPLIST_FILE = Project14/Info.plist;
				LD_RUNPATH_SEARCH_PATHS = (
					"$(inherited)",
					"@executable_path/Frameworks",
				);
				PRODUCT_BUNDLE_IDENTIFIER = com.100daysofswift.Project14;
				PRODUCT_NAME = "$(TARGET_NAME)";
				SWIFT_VERSION = 5.0;
				TARGETED_DEVICE_FAMILY = 1;
			};
			name = Debug;
		};
		57C5099F2377B6710002A7D2 /* Release */ = {
			isa = XCBuildConfiguration;
			buildSettings = {
				ASSETCATALOG_COMPILER_APPICON_NAME = AppIcon;
				CODE_SIGN_STYLE = Automatic;
				DEVELOPMENT_TEAM = 53K75NW4TH;
				INFOPLIST_FILE = Project14/Info.plist;
				LD_RUNPATH_SEARCH_PATHS = (
					"$(inherited)",
					"@executable_path/Frameworks",
				);
				PRODUCT_BUNDLE_IDENTIFIER = com.100daysofswift.Project14;
				PRODUCT_NAME = "$(TARGET_NAME)";
				SWIFT_VERSION = 5.0;
				TARGETED_DEVICE_FAMILY = 1;
			};
			name = Release;
		};
/* End XCBuildConfiguration section */

/* Begin XCConfigurationList section */
		57C509802377B66F0002A7D2 /* Build configuration list for PBXProject "Project14" */ = {
			isa = XCConfigurationList;
			buildConfigurations = (
				57C5099B2377B6710002A7D2 /* Debug */,
				57C5099C2377B6710002A7D2 /* Release */,
			);
			defaultConfigurationIsVisible = 0;
			defaultConfigurationName = Release;
		};
		57C5099D2377B6710002A7D2 /* Build configuration list for PBXNativeTarget "Project14" */ = {
			isa = XCConfigurationList;
			buildConfigurations = (
				57C5099E2377B6710002A7D2 /* Debug */,
				57C5099F2377B6710002A7D2 /* Release */,
			);
			defaultConfigurationIsVisible = 0;
			defaultConfigurationName = Release;
		};
/* End XCConfigurationList section */
	};
	rootObject = 57C5097D2377B66F0002A7D2 /* Project object */;
}
